
Microsoft Visual Studio Solution File, Format Version 12.00
# Visual Studio Version 17
VisualStudioVersion = 17.1.32328.378
MinimumVisualStudioVersion = 10.0.40219.1
Project("{FAE04EC0-301F-11D3-BF4B-00C04F79EFBC}") = "SistemaDeCadastro", "SistemaDeCadastro\SistemaDeCadastro.csproj", "{2BAEFD7E-D95F-4621-A4A9-4D66BCFE0F4B}"
EndProject
Global
	GlobalSection(SolutionConfigurationPlatforms) = preSolution
		Debug|Any CPU = Debug|Any CPU
		Release|Any CPU = Release|Any CPU
	EndGlobalSection
	GlobalSection(ProjectConfigurationPlatforms) = postSolution
		{2BAEFD7E-D95F-4621-A4A9-4D66BCFE0F4B}.Debug|Any CPU.ActiveCfg = Debug|Any CPU
		{2BAEFD7E-D95F-4621-A4A9-4D66BCFE0F4B}.Debug|Any CPU.Build.0 = Debug|Any CPU
		{2BAEFD7E-D95F-4621-A4A9-4D66BCFE0F4B}.Release|Any CPU.ActiveCfg = Release|Any CPU
		{2BAEFD7E-D95F-4621-A4A9-4D66BCFE0F4B}.Release|Any CPU.Build.0 = Release|Any CPU
	EndGlobalSection
	GlobalSection(SolutionProperties) = preSolution
		HideSolutionNode = FALSE
	EndGlobalSection
	GlobalSection(ExtensibilityGlobals) = postSolution
		SolutionGuid = {43823277-7AE8-4AC9-BEA2-E9D8FEDC393B}
	EndGlobalSection
EndGlobal
